
Microsoft Visual Studio Solution File, Format Version 12.00
Project("{FAE04EC0-301F-11D3-BF4B-00C04F79EFBC}") = "AppHost1", "AppHost1\AppHost1.csproj", "{FA2BD55C-4344-4E0E-9580-0187D443D892}"
EndProject
Project("{FAE04EC0-301F-11D3-BF4B-00C04F79EFBC}") = "Producer.Classic", "Producer.Classic\Producer.Classic.csproj", "{9689DB35-2F0D-4148-BE86-E59A5AE4ED39}"
EndProject
Project("{FAE04EC0-301F-11D3-BF4B-00C04F79EFBC}") = "Common", "Common\Common.csproj", "{AEF6ADA3-173E-4337-A505-96BC4D0108F2}"
EndProject
Project("{FAE04EC0-301F-11D3-BF4B-00C04F79EFBC}") = "Consumer.Classic", "Consumer.Classic\Consumer.Classic.csproj", "{8F2EBA69-F37E-4139-A65E-F1E907E6350B}"
EndProject
Global
	GlobalSection(SolutionConfigurationPlatforms) = preSolution
		Debug|Any CPU = Debug|Any CPU
		Release|Any CPU = Release|Any CPU
	EndGlobalSection
	GlobalSection(ProjectConfigurationPlatforms) = postSolution
		{FA2BD55C-4344-4E0E-9580-0187D443D892}.Debug|Any CPU.ActiveCfg = Debug|Any CPU
		{FA2BD55C-4344-4E0E-9580-0187D443D892}.Debug|Any CPU.Build.0 = Debug|Any CPU
		{FA2BD55C-4344-4E0E-9580-0187D443D892}.Release|Any CPU.ActiveCfg = Release|Any CPU
		{FA2BD55C-4344-4E0E-9580-0187D443D892}.Release|Any CPU.Build.0 = Release|Any CPU
		{9689DB35-2F0D-4148-BE86-E59A5AE4ED39}.Debug|Any CPU.ActiveCfg = Debug|Any CPU
		{9689DB35-2F0D-4148-BE86-E59A5AE4ED39}.Debug|Any CPU.Build.0 = Debug|Any CPU
		{9689DB35-2F0D-4148-BE86-E59A5AE4ED39}.Release|Any CPU.ActiveCfg = Release|Any CPU
		{9689DB35-2F0D-4148-BE86-E59A5AE4ED39}.Release|Any CPU.Build.0 = Release|Any CPU
		{AEF6ADA3-173E-4337-A505-96BC4D0108F2}.Debug|Any CPU.ActiveCfg = Debug|Any CPU
		{AEF6ADA3-173E-4337-A505-96BC4D0108F2}.Debug|Any CPU.Build.0 = Debug|Any CPU
		{AEF6ADA3-173E-4337-A505-96BC4D0108F2}.Release|Any CPU.ActiveCfg = Release|Any CPU
		{AEF6ADA3-173E-4337-A505-96BC4D0108F2}.Release|Any CPU.Build.0 = Release|Any CPU
		{8F2EBA69-F37E-4139-A65E-F1E907E6350B}.Debug|Any CPU.ActiveCfg = Debug|Any CPU
		{8F2EBA69-F37E-4139-A65E-F1E907E6350B}.Debug|Any CPU.Build.0 = Debug|Any CPU
		{8F2EBA69-F37E-4139-A65E-F1E907E6350B}.Release|Any CPU.ActiveCfg = Release|Any CPU
		{8F2EBA69-F37E-4139-A65E-F1E907E6350B}.Release|Any CPU.Build.0 = Release|Any CPU
	EndGlobalSection
EndGlobal
